
Microsoft Visual Studio Solution File, Format Version 12.00
# Visual Studio 2013
VisualStudioVersion = 12.0.31101.0
MinimumVisualStudioVersion = 10.0.40219.1
Project("{FAE04EC0-301F-11D3-BF4B-00C04F79EFBC}") = "MaestroPanel.NetsparkerClient", "MaestroPanel.NetsparkerClient\MaestroPanel.NetsparkerClient.csproj", "{FC7A25A5-C22F-4F76-AF76-4ECFEF5BA1EE}"
EndProject
Project("{FAE04EC0-301F-11D3-BF4B-00C04F79EFBC}") = "MaestroPanel.NetsparkerClient.Tests", "MaestroPanel.NetsparkerClient.Tests\MaestroPanel.NetsparkerClient.Tests.csproj", "{65D5728A-EA11-4560-8BCA-67B0FC37C852}"
EndProject
Project("{2150E333-8FDC-42A3-9474-1A3956D46DE8}") = ".nuget", ".nuget", "{E9F72141-F966-41BA-A615-23A000DA9AD7}"
	ProjectSection(SolutionItems) = preProject
		.nuget\NuGet.Config = .nuget\NuGet.Config
		.nuget\NuGet.exe = .nuget\NuGet.exe
		.nuget\NuGet.targets = .nuget\NuGet.targets
	EndProjectSection
EndProject
Project("{FAE04EC0-301F-11D3-BF4B-00C04F79EFBC}") = "MaestroPanel.HttpRequest.Tests", "MaestroPanel.HttpRequest.Tests\MaestroPanel.HttpRequest.Tests.csproj", "{EE6EA7BB-2928-404F-8B98-276CE76A1A7E}"
EndProject
Project("{2150E333-8FDC-42A3-9474-1A3956D46DE8}") = "Tests", "Tests", "{5D039592-4D6E-4C5D-9CA4-03C785CFE927}"
EndProject
Project("{FAE04EC0-301F-11D3-BF4B-00C04F79EFBC}") = "MaestroPanel.NetsparkerClient.Examples", "..\examples\MaestroPanel.NetsparkerClient.Examples\MaestroPanel.NetsparkerClient.Examples.csproj", "{8FE1B0BF-10D0-4864-9286-C96B29E5872E}"
EndProject
Project("{FAE04EC0-301F-11D3-BF4B-00C04F79EFBC}") = "MaestroPanel.ResponseHandler.Tests", "MaestroPanel.ResponseHandler.Tests\MaestroPanel.ResponseHandler.Tests.csproj", "{84987E08-90A0-43EA-AA6D-51C64A6C4C3B}"
EndProject
Global
	GlobalSection(SolutionConfigurationPlatforms) = preSolution
		Debug|Any CPU = Debug|Any CPU
		Release|Any CPU = Release|Any CPU
	EndGlobalSection
	GlobalSection(ProjectConfigurationPlatforms) = postSolution
		{FC7A25A5-C22F-4F76-AF76-4ECFEF5BA1EE}.Debug|Any CPU.ActiveCfg = Debug|Any CPU
		{FC7A25A5-C22F-4F76-AF76-4ECFEF5BA1EE}.Debug|Any CPU.Build.0 = Debug|Any CPU
		{FC7A25A5-C22F-4F76-AF76-4ECFEF5BA1EE}.Release|Any CPU.ActiveCfg = Release|Any CPU
		{FC7A25A5-C22F-4F76-AF76-4ECFEF5BA1EE}.Release|Any CPU.Build.0 = Release|Any CPU
		{65D5728A-EA11-4560-8BCA-67B0FC37C852}.Debug|Any CPU.ActiveCfg = Debug|Any CPU
		{65D5728A-EA11-4560-8BCA-67B0FC37C852}.Debug|Any CPU.Build.0 = Debug|Any CPU
		{65D5728A-EA11-4560-8BCA-67B0FC37C852}.Release|Any CPU.ActiveCfg = Release|Any CPU
		{65D5728A-EA11-4560-8BCA-67B0FC37C852}.Release|Any CPU.Build.0 = Release|Any CPU
		{EE6EA7BB-2928-404F-8B98-276CE76A1A7E}.Debug|Any CPU.ActiveCfg = Debug|Any CPU
		{EE6EA7BB-2928-404F-8B98-276CE76A1A7E}.Debug|Any CPU.Build.0 = Debug|Any CPU
		{EE6EA7BB-2928-404F-8B98-276CE76A1A7E}.Release|Any CPU.ActiveCfg = Release|Any CPU
		{EE6EA7BB-2928-404F-8B98-276CE76A1A7E}.Release|Any CPU.Build.0 = Release|Any CPU
		{8FE1B0BF-10D0-4864-9286-C96B29E5872E}.Debug|Any CPU.ActiveCfg = Debug|Any CPU
		{8FE1B0BF-10D0-4864-9286-C96B29E5872E}.Debug|Any CPU.Build.0 = Debug|Any CPU
		{8FE1B0BF-10D0-4864-9286-C96B29E5872E}.Release|Any CPU.ActiveCfg = Release|Any CPU
		{8FE1B0BF-10D0-4864-9286-C96B29E5872E}.Release|Any CPU.Build.0 = Release|Any CPU
		{84987E08-90A0-43EA-AA6D-51C64A6C4C3B}.Debug|Any CPU.ActiveCfg = Debug|Any CPU
		{84987E08-90A0-43EA-AA6D-51C64A6C4C3B}.Debug|Any CPU.Build.0 = Debug|Any CPU
		{84987E08-90A0-43EA-AA6D-51C64A6C4C3B}.Release|Any CPU.ActiveCfg = Release|Any CPU
		{84987E08-90A0-43EA-AA6D-51C64A6C4C3B}.Release|Any CPU.Build.0 = Release|Any CPU
	EndGlobalSection
	GlobalSection(SolutionProperties) = preSolution
		HideSolutionNode = FALSE
	EndGlobalSection
	GlobalSection(NestedProjects) = preSolution
		{65D5728A-EA11-4560-8BCA-67B0FC37C852} = {5D039592-4D6E-4C5D-9CA4-03C785CFE927}
		{EE6EA7BB-2928-404F-8B98-276CE76A1A7E} = {5D039592-4D6E-4C5D-9CA4-03C785CFE927}
		{84987E08-90A0-43EA-AA6D-51C64A6C4C3B} = {5D039592-4D6E-4C5D-9CA4-03C785CFE927}
	EndGlobalSection
EndGlobal
